<?xml version="1.0" encoding="utf-8"?>
<Project ToolsVersion="4.0" xmlns="http://schemas.microsoft.com/developer/msbuild/2003">
  <ItemGroup>
    <Filter Include="src">
      <UniqueIdentifier>{4FC737F1-C7A5-4376-A066-2A32D752A2FF}</UniqueIdentifier>
      <Extensions>cpp;c;cc;cxx;c++;cppm;ixx;def;odl;idl;hpj;bat;asm;asmx</Extensions>
    </Filter>
    <Filter Include="include">
      <UniqueIdentifier>{754fa614-162b-480e-be46-9c1aff9649af}</UniqueIdentifier>
    </Filter>
  </ItemGroup>
  <ItemGroup>
    <ClCompile Include="biblioteka_numeryczna.cpp">
      <Filter>src</Filter>
    </ClCompile>
    <ClCompile Include="pch.cpp">
      <Filter>src</Filter>
    </ClCompile>
    <ClCompile Include="gauss.cpp">
      <Filter>src</Filter>
    </ClCompile>
    <ClCompile Include="interpolacja_lagrange.cpp">
      <Filter>src</Filter>
    </ClCompile>
    <ClCompile Include="interpolacja_newton.cpp">
      <Filter>src</Filter>
    </ClCompile>
    <ClCompile Include="metoda_lu.cpp">
      <Filter>src</Filter>
    </ClCompile>
    <ClCompile Include="calkowanie.cpp">
      <Filter>src</Filter>
    </ClCompile>
    <ClCompile Include="aproksymacja.cpp">
      <Filter>src</Filter>
    </ClCompile>
    <ClCompile Include="rownania_rozniczkowe.cpp">
      <Filter>src</Filter>
    </ClCompile>
    <ClCompile Include="rownania_nieliniowe.cpp">
      <Filter>src</Filter>
    </ClCompile>
    <ClCompile Include="rozniczkowanie.cpp">
      <Filter>src</Filter>
    </ClCompile>
  </ItemGroup>
  <ItemGroup>
    <ClInclude Include="gauss.h">
      <Filter>include</Filter>
    </ClInclude>
    <ClInclude Include="interpolacja_lagrange.h">
      <Filter>include</Filter>
    </ClInclude>
    <ClInclude Include="metoda_lu.h">
      <Filter>include</Filter>
    </ClInclude>
    <ClInclude Include="calkowanie.h">
      <Filter>include</Filter>
    </ClInclude>
    <ClInclude Include="pch.h">
      <Filter>include</Filter>
    </ClInclude>
    <ClInclude Include="framework.h">
      <Filter>include</Filter>
    </ClInclude>
    <ClInclude Include="interpolacja_newton.h">
      <Filter>include</Filter>
    </ClInclude>
    <ClInclude Include="aproksymacja.h">
      <Filter>include</Filter>
    </ClInclude>
    <ClInclude Include="rownania_rozniczkowe.h">
      <Filter>include</Filter>
    </ClInclude>
    <ClInclude Include="biblioteka_numeryczna.h">
      <Filter>include</Filter>
    </ClInclude>
    <ClInclude Include="rownania_nieliniowe.h">
      <Filter>include</Filter>
    </ClInclude>
    <ClInclude Include="rozniczkowanie.h">
      <Filter>include</Filter>
    </ClInclude>
  </ItemGroup>
</Project>